{
    "_readme": [
        "This file locks the dependencies of your project to a known state",
        "Read more about it at https://getcomposer.org/doc/01-basic-usage.md#installing-dependencies",
        "This file is @generated automatically"
    ],
    "content-hash": "a1b2c3d4e5f6g7h8i9j0k1l2m3n4o5p6",
    "packages": [
        {
            "name": "phpoffice/phpspreadsheet",
            "version": "1.29.0",
            "source": {
                "type": "git",
                "url": "https://github.com/PHPOffice/PhpSpreadsheet.git",
                "reference": "fde2ccf55eaef7e86021ff1acce2647910a0ea0e"
            },
            "dist": {
                "type": "zip",
                "url": "https://api.github.com/repos/PHPOffice/PhpSpreadsheet/zipball/fde2ccf55eaef7e86021ff1acce2647910a0ea0e",
                "reference": "fde2ccf55eaef7e86021ff1acce2647910a0ea0e",
                "shasum": ""
            },
            "require": {
                "ext-ctype": "*",
                "ext-dom": "*",
                "ext-gd": "*",
                "ext-iconv": "*",
                "ext-libxml": "*",
                "ext-mbstring": "*",
                "ext-SimpleXML": "*",
                "ext-xml": "*",
                "ext-xmlreader": "*",
                "ext-xmlwriter": "*",
                "ext-zip": "*",
                "ext-zlib": "*",
                "php": "^7.4|^8.0"
            },
            "require-dev": {
                "dompdf/dompdf": "^2.0",
                "jpgraph/jpgraph": "^4.0",
                "mikehaertl/phpwkhtmltopdf": "^2.5",
                "phpunit/phpunit": "^9.5.10",
                "squizlabs/php_codesniffer": "^3.6"
            },
            "suggest": {
                "dompdf/dompdf": "Option for rendering PDF with DomPDF",
                "jpgraph/jpgraph": "Option for rendering charts, or including charts with PDF or HTML",
                "mikehaertl/phpwkhtmltopdf": "Option for rendering PDF with wkhtmltopdf",
                "mpdf/mpdf": "Option for rendering PDF with mPDF",
                "tecnickcom/tcpdf": "Option for rendering PDF with TCPDF"
            },
            "type": "library",
            "extra": {
                "branch-alias": {
                    "dev-master": "1.29.x-dev"
                }
            },
            "autoload": {
                "psr-4": {
                    "PhpOffice\\PhpSpreadsheet\\": "src/PhpSpreadsheet"
                }
            },
            "notification-url": "https://packagist.org/downloads/",
            "license": [
                "MIT"
            ],
            "authors": [
                {
                    "name": "Maarten Balliauw",
                    "homepage": "https://blog.maartenballiauw.be"
                },
                {
                    "name": "Mark Baker",
                    "homepage": "https://markbakeruk.net"
                },
                {
                    "name": "Franck Lefevre",
                    "homepage": "https://rootslabs.net"
                },
                {
                    "name": "Erik Tilt",
                    "homepage": "https://blog.tilt.ee"
                }
            ],
            "description": "PHPSpreadsheet - Read, Create and Write Spreadsheet documents in PHP - Spreadsheet engine",
            "homepage": "https://github.com/PHPOffice/PhpSpreadsheet",
            "keywords": [
                "excel",
                "gnumeric",
                "ods",
                "php",
                "spreadsheet",
                "worksheet",
                "xls",
                "xlsx"
            ],
            "funding": [
                {
                    "url": "https://github.com/PHPOffice",
                    "type": "github"
                }
            ],
            "time": "2023-01-02T12:00:00+00:00"
        }
    ],
    "packages-dev": [],
    "aliases": [],
    "minimum-stability": "stable",
    "stability-flags": [],
    "prefer-stable": false,
    "prefer-lowest": false,
    "platform": {
        "php": ">=7.4"
    },
    "platform-dev": [],
    "plugin-api-version": "2.3.0"
} 